
Microsoft Visual Studio Solution File, Format Version 12.00
# Visual Studio Version 17
VisualStudioVersion = 17.13.35919.96 d17.13
MinimumVisualStudioVersion = 10.0.40219.1
Project("{FAE04EC0-301F-11D3-BF4B-00C04F79EFBC}") = "Web API", "Web API\Web API.csproj", "{29336013-0DC7-41FF-9E18-DEB5CE1CA2CD}"
EndProject
Project("{FAE04EC0-301F-11D3-BF4B-00C04F79EFBC}") = "Service", "Service\Service.csproj", "{4CF09A83-B9DB-4F79-8CC6-F45159254335}"
EndProject
Global
	GlobalSection(SolutionConfigurationPlatforms) = preSolution
		Debug|Any CPU = Debug|Any CPU
		Release|Any CPU = Release|Any CPU
	EndGlobalSection
	GlobalSection(ProjectConfigurationPlatforms) = postSolution
		{29336013-0DC7-41FF-9E18-DEB5CE1CA2CD}.Debug|Any CPU.ActiveCfg = Debug|Any CPU
		{29336013-0DC7-41FF-9E18-DEB5CE1CA2CD}.Debug|Any CPU.Build.0 = Debug|Any CPU
		{29336013-0DC7-41FF-9E18-DEB5CE1CA2CD}.Release|Any CPU.ActiveCfg = Release|Any CPU
		{29336013-0DC7-41FF-9E18-DEB5CE1CA2CD}.Release|Any CPU.Build.0 = Release|Any CPU
		{4CF09A83-B9DB-4F79-8CC6-F45159254335}.Debug|Any CPU.ActiveCfg = Debug|Any CPU
		{4CF09A83-B9DB-4F79-8CC6-F45159254335}.Debug|Any CPU.Build.0 = Debug|Any CPU
		{4CF09A83-B9DB-4F79-8CC6-F45159254335}.Release|Any CPU.ActiveCfg = Release|Any CPU
		{4CF09A83-B9DB-4F79-8CC6-F45159254335}.Release|Any CPU.Build.0 = Release|Any CPU
	EndGlobalSection
	GlobalSection(SolutionProperties) = preSolution
		HideSolutionNode = FALSE
	EndGlobalSection
	GlobalSection(ExtensibilityGlobals) = postSolution
		SolutionGuid = {B92BB7EA-6EC8-4C74-BF63-2EAB85E4DDFF}
	EndGlobalSection
EndGlobal
